
Microsoft Visual Studio Solution File, Format Version 12.00
# Visual Studio 15
VisualStudioVersion = 15.0.27130.2020
MinimumVisualStudioVersion = 10.0.40219.1
Project("{9A19103F-16F7-4668-BE54-9A1E7A4F7556}") = "GraphQLApiSample", "GraphQLApiSample\GraphQLApiSample.csproj", "{ED5F7410-7D28-4EA9-AE70-DDD5B45D2FFA}"
EndProject
Project("{9A19103F-16F7-4668-BE54-9A1E7A4F7556}") = "Sample", "..\ClientSample\Sample.csproj", "{A729BB88-11EF-4ACD-9740-46B1F19181E0}"
EndProject
Global
	GlobalSection(SolutionConfigurationPlatforms) = preSolution
		Debug|Any CPU = Debug|Any CPU
		Release|Any CPU = Release|Any CPU
	EndGlobalSection
	GlobalSection(ProjectConfigurationPlatforms) = postSolution
		{ED5F7410-7D28-4EA9-AE70-DDD5B45D2FFA}.Debug|Any CPU.ActiveCfg = Debug|Any CPU
		{ED5F7410-7D28-4EA9-AE70-DDD5B45D2FFA}.Debug|Any CPU.Build.0 = Debug|Any CPU
		{ED5F7410-7D28-4EA9-AE70-DDD5B45D2FFA}.Release|Any CPU.ActiveCfg = Release|Any CPU
		{ED5F7410-7D28-4EA9-AE70-DDD5B45D2FFA}.Release|Any CPU.Build.0 = Release|Any CPU
		{A729BB88-11EF-4ACD-9740-46B1F19181E0}.Debug|Any CPU.ActiveCfg = Debug|Any CPU
		{A729BB88-11EF-4ACD-9740-46B1F19181E0}.Debug|Any CPU.Build.0 = Debug|Any CPU
		{A729BB88-11EF-4ACD-9740-46B1F19181E0}.Release|Any CPU.ActiveCfg = Release|Any CPU
		{A729BB88-11EF-4ACD-9740-46B1F19181E0}.Release|Any CPU.Build.0 = Release|Any CPU
	EndGlobalSection
	GlobalSection(SolutionProperties) = preSolution
		HideSolutionNode = FALSE
	EndGlobalSection
	GlobalSection(ExtensibilityGlobals) = postSolution
		SolutionGuid = {3BFF6C96-E0F7-4F03-A7EB-CF164B1A59FE}
	EndGlobalSection
EndGlobal
